
Microsoft Visual Studio Solution File, Format Version 12.00
# Visual Studio Version 17
VisualStudioVersion = 17.3.32811.315
MinimumVisualStudioVersion = 10.0.40219.1
Project("{9A19103F-16F7-4668-BE54-9A1E7A4F7556}") = "StockMarketSolution", "StockMarketSolution\StockMarketSolution.csproj", "{7BB3735F-54F3-490F-A424-448A40A86C68}"
EndProject
Project("{9A19103F-16F7-4668-BE54-9A1E7A4F7556}") = "Services", "Services\Services.csproj", "{95EB3FD5-587E-41CB-8F63-DF94B4D669E4}"
EndProject
Project("{9A19103F-16F7-4668-BE54-9A1E7A4F7556}") = "ServiceContracts", "ServiceContracts\ServiceContracts.csproj", "{EBC8AD7C-7751-4079-9F27-19E55FEE6516}"
EndProject
Project("{9A19103F-16F7-4668-BE54-9A1E7A4F7556}") = "Entities", "Entities\Entities.csproj", "{4A8F78AE-DCD7-4A8D-9E3F-216490C0471E}"
EndProject
Project("{9A19103F-16F7-4668-BE54-9A1E7A4F7556}") = "Tests", "Tests\Tests.csproj", "{6B5E4056-E592-445A-B97F-6934F8FBAA3A}"
EndProject
Project("{9A19103F-16F7-4668-BE54-9A1E7A4F7556}") = "RepositoryContracts", "RepositoryContracts\RepositoryContracts.csproj", "{590A35F2-7DDB-4D79-8833-861DC6DF1772}"
EndProject
Project("{9A19103F-16F7-4668-BE54-9A1E7A4F7556}") = "Repositories", "Repositories\Repositories.csproj", "{8191BD61-9289-44C0-9A2C-6B49FBEB109A}"
EndProject
Project("{FAE04EC0-301F-11D3-BF4B-00C04F79EFBC}") = "Exceptions", "Exceptions\Exceptions.csproj", "{05BF3BCF-78D2-4A4A-8BE3-C9CA8613429E}"
EndProject
Global
	GlobalSection(SolutionConfigurationPlatforms) = preSolution
		Debug|Any CPU = Debug|Any CPU
		Release|Any CPU = Release|Any CPU
	EndGlobalSection
	GlobalSection(ProjectConfigurationPlatforms) = postSolution
		{7BB3735F-54F3-490F-A424-448A40A86C68}.Debug|Any CPU.ActiveCfg = Debug|Any CPU
		{7BB3735F-54F3-490F-A424-448A40A86C68}.Debug|Any CPU.Build.0 = Debug|Any CPU
		{7BB3735F-54F3-490F-A424-448A40A86C68}.Release|Any CPU.ActiveCfg = Release|Any CPU
		{7BB3735F-54F3-490F-A424-448A40A86C68}.Release|Any CPU.Build.0 = Release|Any CPU
		{95EB3FD5-587E-41CB-8F63-DF94B4D669E4}.Debug|Any CPU.ActiveCfg = Debug|Any CPU
		{95EB3FD5-587E-41CB-8F63-DF94B4D669E4}.Debug|Any CPU.Build.0 = Debug|Any CPU
		{95EB3FD5-587E-41CB-8F63-DF94B4D669E4}.Release|Any CPU.ActiveCfg = Release|Any CPU
		{95EB3FD5-587E-41CB-8F63-DF94B4D669E4}.Release|Any CPU.Build.0 = Release|Any CPU
		{EBC8AD7C-7751-4079-9F27-19E55FEE6516}.Debug|Any CPU.ActiveCfg = Debug|Any CPU
		{EBC8AD7C-7751-4079-9F27-19E55FEE6516}.Debug|Any CPU.Build.0 = Debug|Any CPU
		{EBC8AD7C-7751-4079-9F27-19E55FEE6516}.Release|Any CPU.ActiveCfg = Release|Any CPU
		{EBC8AD7C-7751-4079-9F27-19E55FEE6516}.Release|Any CPU.Build.0 = Release|Any CPU
		{4A8F78AE-DCD7-4A8D-9E3F-216490C0471E}.Debug|Any CPU.ActiveCfg = Debug|Any CPU
		{4A8F78AE-DCD7-4A8D-9E3F-216490C0471E}.Debug|Any CPU.Build.0 = Debug|Any CPU
		{4A8F78AE-DCD7-4A8D-9E3F-216490C0471E}.Release|Any CPU.ActiveCfg = Release|Any CPU
		{4A8F78AE-DCD7-4A8D-9E3F-216490C0471E}.Release|Any CPU.Build.0 = Release|Any CPU
		{6B5E4056-E592-445A-B97F-6934F8FBAA3A}.Debug|Any CPU.ActiveCfg = Debug|Any CPU
		{6B5E4056-E592-445A-B97F-6934F8FBAA3A}.Debug|Any CPU.Build.0 = Debug|Any CPU
		{6B5E4056-E592-445A-B97F-6934F8FBAA3A}.Release|Any CPU.ActiveCfg = Release|Any CPU
		{6B5E4056-E592-445A-B97F-6934F8FBAA3A}.Release|Any CPU.Build.0 = Release|Any CPU
		{590A35F2-7DDB-4D79-8833-861DC6DF1772}.Debug|Any CPU.ActiveCfg = Debug|Any CPU
		{590A35F2-7DDB-4D79-8833-861DC6DF1772}.Debug|Any CPU.Build.0 = Debug|Any CPU
		{590A35F2-7DDB-4D79-8833-861DC6DF1772}.Release|Any CPU.ActiveCfg = Release|Any CPU
		{590A35F2-7DDB-4D79-8833-861DC6DF1772}.Release|Any CPU.Build.0 = Release|Any CPU
		{8191BD61-9289-44C0-9A2C-6B49FBEB109A}.Debug|Any CPU.ActiveCfg = Debug|Any CPU
		{8191BD61-9289-44C0-9A2C-6B49FBEB109A}.Debug|Any CPU.Build.0 = Debug|Any CPU
		{8191BD61-9289-44C0-9A2C-6B49FBEB109A}.Release|Any CPU.ActiveCfg = Release|Any CPU
		{8191BD61-9289-44C0-9A2C-6B49FBEB109A}.Release|Any CPU.Build.0 = Release|Any CPU
		{05BF3BCF-78D2-4A4A-8BE3-C9CA8613429E}.Debug|Any CPU.ActiveCfg = Debug|Any CPU
		{05BF3BCF-78D2-4A4A-8BE3-C9CA8613429E}.Debug|Any CPU.Build.0 = Debug|Any CPU
		{05BF3BCF-78D2-4A4A-8BE3-C9CA8613429E}.Release|Any CPU.ActiveCfg = Release|Any CPU
		{05BF3BCF-78D2-4A4A-8BE3-C9CA8613429E}.Release|Any CPU.Build.0 = Release|Any CPU
	EndGlobalSection
	GlobalSection(SolutionProperties) = preSolution
		HideSolutionNode = FALSE
	EndGlobalSection
	GlobalSection(ExtensibilityGlobals) = postSolution
		SolutionGuid = {17798BCF-BD06-4DF9-8461-C63132AE9718}
	EndGlobalSection
EndGlobal
